
Microsoft Visual Studio Solution File, Format Version 12.00
# Visual Studio Version 17
VisualStudioVersion = 17.9.34728.123
MinimumVisualStudioVersion = 10.0.40219.1
Project("{FAE04EC0-301F-11D3-BF4B-00C04F79EFBC}") = "BombStaffMod", "BombStaffMod.csproj", "{FEF33E72-BF81-46B5-A7C5-2A3ADF4E787C}"
EndProject
Global
	GlobalSection(SolutionConfigurationPlatforms) = preSolution
		Debug|Any CPU = Debug|Any CPU
		Release|Any CPU = Release|Any CPU
	EndGlobalSection
	GlobalSection(ProjectConfigurationPlatforms) = postSolution
		{FEF33E72-BF81-46B5-A7C5-2A3ADF4E787C}.Debug|Any CPU.ActiveCfg = Debug|Any CPU
		{FEF33E72-BF81-46B5-A7C5-2A3ADF4E787C}.Debug|Any CPU.Build.0 = Debug|Any CPU
		{FEF33E72-BF81-46B5-A7C5-2A3ADF4E787C}.Release|Any CPU.ActiveCfg = Release|Any CPU
		{FEF33E72-BF81-46B5-A7C5-2A3ADF4E787C}.Release|Any CPU.Build.0 = Release|Any CPU
	EndGlobalSection
	GlobalSection(SolutionProperties) = preSolution
		HideSolutionNode = FALSE
	EndGlobalSection
	GlobalSection(ExtensibilityGlobals) = postSolution
		SolutionGuid = {0D09856D-0861-4228-B66C-3B6D897EEBE1}
	EndGlobalSection
EndGlobal
